// !$*UTF8*$!
{
	archiveVersion = 1;
	classes = {
	};
	objectVersion = 46;
	objects = {

/* Begin PBXBuildFile section */
		6ABFCA751E8C2AD300D567FB /* AppDelegate.swift in Sources */ = {isa = PBXBuildFile; fileRef = 6ABFCA741E8C2AD300D567FB /* AppDelegate.swift */; };
		6ABFCA771E8C2AD300D567FB /* ViewController.swift in Sources */ = {isa = PBXBuildFile; fileRef = 6ABFCA761E8C2AD300D567FB /* ViewController.swift */; };
		6ABFCA7A1E8C2AD300D567FB /* Main.storyboard in Resources */ = {isa = PBXBuildFile; fileRef = 6ABFCA781E8C2AD300D567FB /* Main.storyboard */; };
		6ABFCA7D1E8C2AD300D567FB /* CoreDataMergeConflict.xcdatamodeld in Sources */ = {isa = PBXBuildFile; fileRef = 6ABFCA7B1E8C2AD300D567FB /* CoreDataMergeConflict.xcdatamodeld */; };
		6ABFCA7F1E8C2AD300D567FB /* Assets.xcassets in Resources */ = {isa = PBXBuildFile; fileRef = 6ABFCA7E1E8C2AD300D567FB /* Assets.xcassets */; };
		6ABFCA821E8C2AD300D567FB /* LaunchScreen.storyboard in Resources */ = {isa = PBXBuildFile; fileRef = 6ABFCA801E8C2AD300D567FB /* LaunchScreen.storyboard */; };
/* End PBXBuildFile section */

/* Begin PBXFileReference section */
		6ABFCA711E8C2AD300D567FB /* CoreDataMergeConflict.app */ = {isa = PBXFileReference; explicitFileType = wrapper.application; includeInIndex = 0; path = CoreDataMergeConflict.app; sourceTree = BUILT_PRODUCTS_DIR; };
		6ABFCA741E8C2AD300D567FB /* AppDelegate.swift */ = {isa = PBXFileReference; lastKnownFileType = sourcecode.swift; path = AppDelegate.swift; sourceTree = "<group>"; };
		6ABFCA761E8C2AD300D567FB /* ViewController.swift */ = {isa = PBXFileReference; lastKnownFileType = sourcecode.swift; path = ViewController.swift; sourceTree = "<group>"; };
		6ABFCA791E8C2AD300D567FB /* Base */ = {isa = PBXFileReference; lastKnownFileType = file.storyboard; name = Base; path = Base.lproj/Main.storyboard; sourceTree = "<group>"; };
		6ABFCA7C1E8C2AD300D567FB /* CoreDataMergeConflict.xcdatamodel */ = {isa = PBXFileReference; lastKnownFileType = wrapper.xcdatamodel; path = CoreDataMergeConflict.xcdatamodel; sourceTree = "<group>"; };
		6ABFCA7E1E8C2AD300D567FB /* Assets.xcassets */ = {isa = PBXFileReference; lastKnownFileType = folder.assetcatalog; path = Assets.xcassets; sourceTree = "<group>"; };
		6ABFCA811E8C2AD300D567FB /* Base */ = {isa = PBXFileReference; lastKnownFileType = file.storyboard; name = Base; path = Base.lproj/LaunchScreen.storyboard; sourceTree = "<group>"; };
		6ABFCA831E8C2AD300D567FB /* Info.plist */ = {isa = PBXFileReference; lastKnownFileType = text.plist.xml; path = Info.plist; sourceTree = "<group>"; };
/* End PBXFileReference section */

/* Begin PBXFrameworksBuildPhase section */
		6ABFCA6E1E8C2AD300D567FB /* Frameworks */ = {
			isa = PBXFrameworksBuildPhase;
			buildActionMask = 2147483647;
			files = (
			);
			runOnlyForDeploymentPostprocessing = 0;
		};
/* End PBXFrameworksBuildPhase section */

/* Begin PBXGroup section */
		6ABFCA681E8C2AD300D567FB = {
			isa = PBXGroup;
			children = (
				6ABFCA731E8C2AD300D567FB /* CoreDataMergeConflict */,
				6ABFCA721E8C2AD300D567FB /* Products */,
			);
			sourceTree = "<group>";
		};
		6ABFCA721E8C2AD300D567FB /* Products */ = {
			isa = PBXGroup;
			children = (
				6ABFCA711E8C2AD300D567FB /* CoreDataMergeConflict.app */,
			);
			name = Products;
			sourceTree = "<group>";
		};
		6ABFCA731E8C2AD300D567FB /* CoreDataMergeConflict */ = {
			isa = PBXGroup;
			children = (
				6ABFCA741E8C2AD300D567FB /* AppDelegate.swift */,
				6ABFCA761E8C2AD300D567FB /* ViewController.swift */,
				6ABFCA781E8C2AD300D567FB /* Main.storyboard */,
				6ABFCA7E1E8C2AD300D567FB /* Assets.xcassets */,
				6ABFCA801E8C2AD300D567FB /* LaunchScreen.storyboard */,
				6ABFCA831E8C2AD300D567FB /* Info.plist */,
				6ABFCA7B1E8C2AD300D567FB /* CoreDataMergeConflict.xcdatamodeld */,
			);
			path = CoreDataMergeConflict;
			sourceTree = "<group>";
		};
/* End PBXGroup section */

/* Begin PBXNativeTarget section */
		6ABFCA701E8C2AD300D567FB /* CoreDataMergeConflict */ = {
			isa = PBXNativeTarget;
			buildConfigurationList = 6ABFCA861E8C2AD300D567FB /* Build configuration list for PBXNativeTarget "CoreDataMergeConflict" */;
			buildPhases = (
				6ABFCA6D1E8C2AD300D567FB /* Sources */,
				6ABFCA6E1E8C2AD300D567FB /* Frameworks */,
				6ABFCA6F1E8C2AD300D567FB /* Resources */,
			);
			buildRules = (
			);
			dependencies = (
			);
			name = CoreDataMergeConflict;
			productName = CoreDataMergeConflict;
			productReference = 6ABFCA711E8C2AD300D567FB /* CoreDataMergeConflict.app */;
			productType = "com.apple.product-type.application";
		};
/* End PBXNativeTarget section */

/* Begin PBXProject section */
		6ABFCA691E8C2AD300D567FB /* Project object */ = {
			isa = PBXProject;
			attributes = {
				LastSwiftUpdateCheck = 0820;
				LastUpgradeCheck = 0820;
				ORGANIZATIONNAME = "Maxime Boulat";
				TargetAttributes = {
					6ABFCA701E8C2AD300D567FB = {
						CreatedOnToolsVersion = 8.2.1;
						DevelopmentTeam = NVV8DM5TFN;
						ProvisioningStyle = Automatic;
					};
				};
			};
			buildConfigurationList = 6ABFCA6C1E8C2AD300D567FB /* Build configuration list for PBXProject "CoreDataMergeConflict" */;
			compatibilityVersion = "Xcode 3.2";
			developmentRegion = English;
			hasScannedForEncodings = 0;
			knownRegions = (
				en,
				Base,
			);
			mainGroup = 6ABFCA681E8C2AD300D567FB;
			productRefGroup = 6ABFCA721E8C2AD300D567FB /* Products */;
			projectDirPath = "";
			projectRoot = "";
			targets = (
				6ABFCA701E8C2AD300D567FB /* CoreDataMergeConflict */,
			);
		};
/* End PBXProject section */

/* Begin PBXResourcesBuildPhase section */
		6ABFCA6F1E8C2AD300D567FB /* Resources */ = {
			isa = PBXResourcesBuildPhase;
			buildActionMask = 2147483647;
			files = (
				6ABFCA821E8C2AD300D567FB /* LaunchScreen.storyboard in Resources */,
				6ABFCA7F1E8C2AD300D567FB /* Assets.xcassets in Resources */,
				6ABFCA7A1E8C2AD300D567FB /* Main.storyboard in Resources */,
			);
			runOnlyForDeploymentPostprocessing = 0;
		};
/* End PBXResourcesBuildPhase section */

/* Begin PBXSourcesBuildPhase section */
		6ABFCA6D1E8C2AD300D567FB /* Sources */ = {
			isa = PBXSourcesBuildPhase;
			buildActionMask = 2147483647;
			files = (
				6ABFCA771E8C2AD300D567FB /* ViewController.swift in Sources */,
				6ABFCA751E8C2AD300D567FB /* AppDelegate.swift in Sources */,
				6ABFCA7D1E8C2AD300D567FB /* CoreDataMergeConflict.xcdatamodeld in Sources */,
			);
			runOnlyForDeploymentPostprocessing = 0;
		};
/* End PBXSourcesBuildPhase section */

/* Begin PBXVariantGroup section */
		6ABFCA781E8C2AD300D567FB /* Main.storyboard */ = {
			isa = PBXVariantGroup;
			children = (
				6ABFCA791E8C2AD300D567FB /* Base */,
			);
			name = Main.storyboard;
			sourceTree = "<group>";
		};
		6ABFCA801E8C2AD300D567FB /* LaunchScreen.storyboard */ = {
			isa = PBXVariantGroup;
			children = (
				6ABFCA811E8C2AD300D567FB /* Base */,
			);
			name = LaunchScreen.storyboard;
			sourceTree = "<group>";
		};
/* End PBXVariantGroup section */

/* Begin XCBuildConfiguration section */
		6ABFCA841E8C2AD300D567FB /* Debug */ = {
			isa = XCBuildConfiguration;
			buildSettings = {
				ALWAYS_SEARCH_USER_PATHS = NO;
				CLANG_ANALYZER_NONNULL = YES;
				CLANG_CXX_LANGUAGE_STANDARD = "gnu++0x";
				CLANG_CXX_LIBRARY = "libc++";
				CLANG_ENABLE_MODULES = YES;
				CLANG_ENABLE_OBJC_ARC = YES;
				CLANG_WARN_BOOL_CONVERSION = YES;
				CLANG_WARN_CONSTANT_CONVERSION = YES;
				CLANG_WARN_DIRECT_OBJC_ISA_USAGE = YES_ERROR;
				CLANG_WARN_DOCUMENTATION_COMMENTS = YES;
				CLANG_WARN_EMPTY_BODY = YES;
				CLANG_WARN_ENUM_CONVERSION = YES;
				CLANG_WARN_INFINITE_RECURSION = YES;
				CLANG_WARN_INT_CONVERSION = YES;
				CLANG_WARN_OBJC_ROOT_CLASS = YES_ERROR;
				CLANG_WARN_SUSPICIOUS_MOVE = YES;
				CLANG_WARN_UNREACHABLE_CODE = YES;
				CLANG_WARN__DUPLICATE_METHOD_MATCH = YES;
				"CODE_SIGN_IDENTITY[sdk=iphoneos*]" = "iPhone Developer";
				COPY_PHASE_STRIP = NO;
				DEBUG_INFORMATION_FORMAT = dwarf;
				ENABLE_STRICT_OBJC_MSGSEND = YES;
				ENABLE_TESTABILITY = YES;
				GCC_C_LANGUAGE_STANDARD = gnu99;
				GCC_DYNAMIC_NO_PIC = NO;
				GCC_NO_COMMON_BLOCKS = YES;
				GCC_OPTIMIZATION_LEVEL = 0;
				GCC_PREPROCESSOR_DEFINITIONS = (
					"DEBUG=1",
					"$(inherited)",
				);
				GCC_WARN_64_TO_32_BIT_CONVERSION = YES;
				GCC_WARN_ABOUT_RETURN_TYPE = YES_ERROR;
				GCC_WARN_UNDECLARED_SELECTOR = YES;
				GCC_WARN_UNINITIALIZED_AUTOS = YES_AGGRESSIVE;
				GCC_WARN_UNUSED_FUNCTION = YES;
				GCC_WARN_UNUSED_VARIABLE = YES;
				IPHONEOS_DEPLOYMENT_TARGET = 10.2;
				MTL_ENABLE_DEBUG_INFO = YES;
				ONLY_ACTIVE_ARCH = YES;
				SDKROOT = iphoneos;
				SWIFT_ACTIVE_COMPILATION_CONDITIONS = DEBUG;
				SWIFT_OPTIMIZATION_LEVEL = "-Onone";
				TARGETED_DEVICE_FAMILY = "1,2";
			};
			name = Debug;
		};
		6ABFCA851E8C2AD300D567FB /* Release */ = {
			isa = XCBuildConfiguration;
			buildSettings = {
				ALWAYS_SEARCH_USER_PATHS = NO;
				CLANG_ANALYZER_NONNULL = YES;
				CLANG_CXX_LANGUAGE_STANDARD = "gnu++0x";
				CLANG_CXX_LIBRARY = "libc++";
				CLANG_ENABLE_MODULES = YES;
				CLANG_ENABLE_OBJC_ARC = YES;
				CLANG_WARN_BOOL_CONVERSION = YES;
				CLANG_WARN_CONSTANT_CONVERSION = YES;
				CLANG_WARN_DIRECT_OBJC_ISA_USAGE = YES_ERROR;
				CLANG_WARN_DOCUMENTATION_COMMENTS = YES;
				CLANG_WARN_EMPTY_BODY = YES;
				CLANG_WARN_ENUM_CONVERSION = YES;
				CLANG_WARN_INFINITE_RECURSION = YES;
				CLANG_WARN_INT_CONVERSION = YES;
				CLANG_WARN_OBJC_ROOT_CLASS = YES_ERROR;
				CLANG_WARN_SUSPICIOUS_MOVE = YES;
				CLANG_WARN_UNREACHABLE_CODE = YES;
				CLANG_WARN__DUPLICATE_METHOD_MATCH = YES;
				"CODE_SIGN_IDENTITY[sdk=iphoneos*]" = "iPhone Developer";
				COPY_PHASE_STRIP = NO;
				DEBUG_INFORMATION_FORMAT = "dwarf-with-dsym";
				ENABLE_NS_ASSERTIONS = NO;
				ENABLE_STRICT_OBJC_MSGSEND = YES;
				GCC_C_LANGUAGE_STANDARD = gnu99;
				GCC_NO_COMMON_BLOCKS = YES;
				GCC_WARN_64_TO_32_BIT_CONVERSION = YES;
				GCC_WARN_ABOUT_RETURN_TYPE = YES_ERROR;
				GCC_WARN_UNDECLARED_SELECTOR = YES;
				GCC_WARN_UNINITIALIZED_AUTOS = YES_AGGRESSIVE;
				GCC_WARN_UNUSED_FUNCTION = YES;
				GCC_WARN_UNUSED_VARIABLE = YES;
				IPHONEOS_DEPLOYMENT_TARGET = 10.2;
				MTL_ENABLE_DEBUG_INFO = NO;
				SDKROOT = iphoneos;
				SWIFT_OPTIMIZATION_LEVEL = "-Owholemodule";
				TARGETED_DEVICE_FAMILY = "1,2";
				VALIDATE_PRODUCT = YES;
			};
			name = Release;
		};
		6ABFCA871E8C2AD300D567FB /* Debug */ = {
			isa = XCBuildConfiguration;
			buildSettings = {
				ASSETCATALOG_COMPILER_APPICON_NAME = AppIcon;
				DEVELOPMENT_TEAM = NVV8DM5TFN;
				INFOPLIST_FILE = CoreDataMergeConflict/Info.plist;
				LD_RUNPATH_SEARCH_PATHS = "$(inherited) @executable_path/Frameworks";
				PRODUCT_BUNDLE_IDENTIFIER = com.FocusRealm.CoreDataMergeConflict;
				PRODUCT_NAME = "$(TARGET_NAME)";
				SWIFT_VERSION = 3.0;
			};
			name = Debug;
		};
		6ABFCA881E8C2AD300D567FB /* Release */ = {
			isa = XCBuildConfiguration;
			buildSettings = {
				ASSETCATALOG_COMPILER_APPICON_NAME = AppIcon;
				DEVELOPMENT_TEAM = NVV8DM5TFN;
				INFOPLIST_FILE = CoreDataMergeConflict/Info.plist;
				LD_RUNPATH_SEARCH_PATHS = "$(inherited) @executable_path/Frameworks";
				PRODUCT_BUNDLE_IDENTIFIER = com.FocusRealm.CoreDataMergeConflict;
				PRODUCT_NAME = "$(TARGET_NAME)";
				SWIFT_VERSION = 3.0;
			};
			name = Release;
		};
/* End XCBuildConfiguration section */

/* Begin XCConfigurationList section */
		6ABFCA6C1E8C2AD300D567FB /* Build configuration list for PBXProject "CoreDataMergeConflict" */ = {
			isa = XCConfigurationList;
			buildConfigurations = (
				6ABFCA841E8C2AD300D567FB /* Debug */,
				6ABFCA851E8C2AD300D567FB /* Release */,
			);
			defaultConfigurationIsVisible = 0;
			defaultConfigurationName = Release;
		};
		6ABFCA861E8C2AD300D567FB /* Build configuration list for PBXNativeTarget "CoreDataMergeConflict" */ = {
			isa = XCConfigurationList;
			buildConfigurations = (
				6ABFCA871E8C2AD300D567FB /* Debug */,
				6ABFCA881E8C2AD300D567FB /* Release */,
			);
			defaultConfigurationIsVisible = 0;
		};
/* End XCConfigurationList section */

/* Begin XCVersionGroup section */
		6ABFCA7B1E8C2AD300D567FB /* CoreDataMergeConflict.xcdatamodeld */ = {
			isa = XCVersionGroup;
			children = (
				6ABFCA7C1E8C2AD300D567FB /* CoreDataMergeConflict.xcdatamodel */,
			);
			currentVersion = 6ABFCA7C1E8C2AD300D567FB /* CoreDataMergeConflict.xcdatamodel */;
			path = CoreDataMergeConflict.xcdatamodeld;
			sourceTree = "<group>";
			versionGroupType = wrapper.xcdatamodel;
		};
/* End XCVersionGroup section */
	};
	rootObject = 6ABFCA691E8C2AD300D567FB /* Project object */;
}
